PODS:
  - Log4swift (1.2.0)
  - TicketKit (1.0.0)

DEPENDENCIES:
  - Log4swift (= 1.2.0)
  - TicketKit (from `https://github.com/tiskender2/TicketKit.git`)

SPEC REPOS:
  trunk:
    - Log4swift

EXTERNAL SOURCES:
  TicketKit:
    :git: https://github.com/tiskender2/TicketKit.git

CHECKOUT OPTIONS:
  TicketKit:
    :commit: 24750a414c2c8967b608616c029ec45692b1510f
    :git: https://github.com/tiskender2/TicketKit.git

SPEC CHECKSUMS:
  Log4swift: ee01d1eacc515d65b6facbe30b8e65b853140aa1
  TicketKit: 38047e7eac96e991173690df295a260580a9394b

PODFILE CHECKSUM: fa4c21b74c72fac9e570b865c3b5da22e4c7f40d

COCOAPODS: 1.11.2
